# This file is autogenerated, do not edit; changes may be undone by the next 'dep ensure'.


[[projects]]
  branch = "feature/id/1"
  name = "github.com/sinmetal/slog"
  packages = ["."]
  revision = "86d7b23b7f5a87b723f6db03ab6eef7cb501f99c"

[solve-meta]
  analyzer-name = "dep"
  analyzer-version = 1
  inputs-digest = "a410d001cfb68a1cf5676692705140c20e5357d06702a40a378ce0dbee0a2f19"
  solver-name = "gps-cdcl"
  solver-version = 1
